
Microsoft Visual Studio Solution File, Format Version 12.00
# Visual Studio Version 17
VisualStudioVersion = 17.3.32728.150
MinimumVisualStudioVersion = 10.0.40219.1
Project("{2150E333-8FDC-42A3-9474-1A3956D46DE8}") = "src", "src", "{0C1836E8-52DD-40E9-AA56-7E3B2A7A1928}"
EndProject
Project("{2150E333-8FDC-42A3-9474-1A3956D46DE8}") = "tests", "tests", "{3A996E26-41CE-4C40-AB2C-F1D022515DEB}"
EndProject
Project("{FAE04EC0-301F-11D3-BF4B-00C04F79EFBC}") = "Application", "src\Application\Application.csproj", "{78D8ED16-20E4-4AD1-894D-3B1059AFE740}"
EndProject
Project("{FAE04EC0-301F-11D3-BF4B-00C04F79EFBC}") = "Domain", "src\Domain\Domain.csproj", "{BBD802AB-AA7E-4DDD-B356-E554D8D73C98}"
EndProject
Project("{FAE04EC0-301F-11D3-BF4B-00C04F79EFBC}") = "Infrastructure", "src\Infrastructure\Infrastructure.csproj", "{ED446442-638B-4AD3-967F-CD3D00B2735A}"
EndProject
Project("{FAE04EC0-301F-11D3-BF4B-00C04F79EFBC}") = "UI", "src\UI\UI.csproj", "{15C3CDDC-4192-46B5-B6B6-29F8B1D7D6D2}"
EndProject
Project("{FAE04EC0-301F-11D3-BF4B-00C04F79EFBC}") = "UI.Android", "src\UI.Android\UI.Android.csproj", "{40C0BDDE-5969-41AA-9631-C5E1FB212C06}"
EndProject
Project("{FAE04EC0-301F-11D3-BF4B-00C04F79EFBC}") = "UI.Desktop", "src\UI.Desktop\UI.Desktop.csproj", "{139436E2-1963-497A-A5FB-CD0CA563B60F}"
EndProject
Project("{FAE04EC0-301F-11D3-BF4B-00C04F79EFBC}") = "UI.iOS", "src\UI.iOS\UI.iOS.csproj", "{10E112B1-7B49-4286-B2AC-3F4BE23CE36F}"
EndProject
Project("{FAE04EC0-301F-11D3-BF4B-00C04F79EFBC}") = "UI.Web", "src\UI.Web\UI.Web.csproj", "{3DC1FB2A-E0BB-4FD5-8EA1-FDCA2E5B8F74}"
EndProject
Project("{FAE04EC0-301F-11D3-BF4B-00C04F79EFBC}") = "Application.IntegrationTests", "tests\Application.IntegrationTests\Application.IntegrationTests.csproj", "{0218EB83-FBFE-4EB9-87AD-E656A374FD54}"
EndProject
Project("{FAE04EC0-301F-11D3-BF4B-00C04F79EFBC}") = "Application.UnitTests", "tests\Application.UnitTests\Application.UnitTests.csproj", "{216DC19F-AB2D-45B3-BF5D-6453FE5CE75C}"
EndProject
Project("{FAE04EC0-301F-11D3-BF4B-00C04F79EFBC}") = "Domain.UnitTests", "tests\Domain.UnitTests\Domain.UnitTests.csproj", "{C312879C-3A2F-4DD7-9A81-E5794A25598D}"
EndProject
Project("{FAE04EC0-301F-11D3-BF4B-00C04F79EFBC}") = "UI.AcceptanceTests", "tests\UI.AcceptanceTests\UI.AcceptanceTests.csproj", "{DCC3C16E-B992-4D6C-B3E2-1C4A15D1527D}"
EndProject
Project("{FAE04EC0-301F-11D3-BF4B-00C04F79EFBC}") = "UI.Android.AcceptanceTests", "tests\UI.Android.AcceptanceTests\UI.Android.AcceptanceTests.csproj", "{6082152F-3E2E-4389-87E5-DC4F47ED7A80}"
EndProject
Project("{FAE04EC0-301F-11D3-BF4B-00C04F79EFBC}") = "UI.Desktop.AcceptanceTests", "tests\UI.Desktop.AcceptanceTests\UI.Desktop.AcceptanceTests.csproj", "{02222FE7-2898-48A8-9E22-0B493736DE6F}"
EndProject
Project("{FAE04EC0-301F-11D3-BF4B-00C04F79EFBC}") = "UI.Web.AcceptanceTests", "tests\UI.Web.AcceptanceTests\UI.Web.AcceptanceTests.csproj", "{954302D0-BBFC-42D9-AB4A-06B14B520BD3}"
EndProject
Project("{FAE04EC0-301F-11D3-BF4B-00C04F79EFBC}") = "UI.iOS.AcceptanceTests", "tests\UI.iOS.AcceptanceTests\UI.iOS.AcceptanceTests.csproj", "{77DA155B-A69C-4A40-8214-4CBDFFBDBD5E}"
EndProject
Global
	GlobalSection(SolutionConfigurationPlatforms) = preSolution
		Debug|Any CPU = Debug|Any CPU
		Release|Any CPU = Release|Any CPU
	EndGlobalSection
	GlobalSection(ProjectConfigurationPlatforms) = postSolution
		{78D8ED16-20E4-4AD1-894D-3B1059AFE740}.Debug|Any CPU.ActiveCfg = Debug|Any CPU
		{78D8ED16-20E4-4AD1-894D-3B1059AFE740}.Debug|Any CPU.Build.0 = Debug|Any CPU
		{78D8ED16-20E4-4AD1-894D-3B1059AFE740}.Release|Any CPU.ActiveCfg = Release|Any CPU
		{78D8ED16-20E4-4AD1-894D-3B1059AFE740}.Release|Any CPU.Build.0 = Release|Any CPU
		{BBD802AB-AA7E-4DDD-B356-E554D8D73C98}.Debug|Any CPU.ActiveCfg = Debug|Any CPU
		{BBD802AB-AA7E-4DDD-B356-E554D8D73C98}.Debug|Any CPU.Build.0 = Debug|Any CPU
		{BBD802AB-AA7E-4DDD-B356-E554D8D73C98}.Release|Any CPU.ActiveCfg = Release|Any CPU
		{BBD802AB-AA7E-4DDD-B356-E554D8D73C98}.Release|Any CPU.Build.0 = Release|Any CPU
		{ED446442-638B-4AD3-967F-CD3D00B2735A}.Debug|Any CPU.ActiveCfg = Debug|Any CPU
		{ED446442-638B-4AD3-967F-CD3D00B2735A}.Debug|Any CPU.Build.0 = Debug|Any CPU
		{ED446442-638B-4AD3-967F-CD3D00B2735A}.Release|Any CPU.ActiveCfg = Release|Any CPU
		{ED446442-638B-4AD3-967F-CD3D00B2735A}.Release|Any CPU.Build.0 = Release|Any CPU
		{15C3CDDC-4192-46B5-B6B6-29F8B1D7D6D2}.Debug|Any CPU.ActiveCfg = Debug|Any CPU
		{15C3CDDC-4192-46B5-B6B6-29F8B1D7D6D2}.Debug|Any CPU.Build.0 = Debug|Any CPU
		{15C3CDDC-4192-46B5-B6B6-29F8B1D7D6D2}.Release|Any CPU.ActiveCfg = Release|Any CPU
		{15C3CDDC-4192-46B5-B6B6-29F8B1D7D6D2}.Release|Any CPU.Build.0 = Release|Any CPU
		{40C0BDDE-5969-41AA-9631-C5E1FB212C06}.Debug|Any CPU.ActiveCfg = Debug|Any CPU
		{40C0BDDE-5969-41AA-9631-C5E1FB212C06}.Debug|Any CPU.Build.0 = Debug|Any CPU
		{40C0BDDE-5969-41AA-9631-C5E1FB212C06}.Release|Any CPU.ActiveCfg = Release|Any CPU
		{40C0BDDE-5969-41AA-9631-C5E1FB212C06}.Release|Any CPU.Build.0 = Release|Any CPU
		{139436E2-1963-497A-A5FB-CD0CA563B60F}.Debug|Any CPU.ActiveCfg = Debug|Any CPU
		{139436E2-1963-497A-A5FB-CD0CA563B60F}.Debug|Any CPU.Build.0 = Debug|Any CPU
		{139436E2-1963-497A-A5FB-CD0CA563B60F}.Release|Any CPU.ActiveCfg = Release|Any CPU
		{139436E2-1963-497A-A5FB-CD0CA563B60F}.Release|Any CPU.Build.0 = Release|Any CPU
		{10E112B1-7B49-4286-B2AC-3F4BE23CE36F}.Debug|Any CPU.ActiveCfg = Debug|Any CPU
		{10E112B1-7B49-4286-B2AC-3F4BE23CE36F}.Debug|Any CPU.Build.0 = Debug|Any CPU
		{10E112B1-7B49-4286-B2AC-3F4BE23CE36F}.Release|Any CPU.ActiveCfg = Release|Any CPU
		{10E112B1-7B49-4286-B2AC-3F4BE23CE36F}.Release|Any CPU.Build.0 = Release|Any CPU
		{3DC1FB2A-E0BB-4FD5-8EA1-FDCA2E5B8F74}.Debug|Any CPU.ActiveCfg = Debug|Any CPU
		{3DC1FB2A-E0BB-4FD5-8EA1-FDCA2E5B8F74}.Debug|Any CPU.Build.0 = Debug|Any CPU
		{3DC1FB2A-E0BB-4FD5-8EA1-FDCA2E5B8F74}.Release|Any CPU.ActiveCfg = Release|Any CPU
		{3DC1FB2A-E0BB-4FD5-8EA1-FDCA2E5B8F74}.Release|Any CPU.Build.0 = Release|Any CPU
		{0218EB83-FBFE-4EB9-87AD-E656A374FD54}.Debug|Any CPU.ActiveCfg = Debug|Any CPU
		{0218EB83-FBFE-4EB9-87AD-E656A374FD54}.Debug|Any CPU.Build.0 = Debug|Any CPU
		{0218EB83-FBFE-4EB9-87AD-E656A374FD54}.Release|Any CPU.ActiveCfg = Release|Any CPU
		{0218EB83-FBFE-4EB9-87AD-E656A374FD54}.Release|Any CPU.Build.0 = Release|Any CPU
		{216DC19F-AB2D-45B3-BF5D-6453FE5CE75C}.Debug|Any CPU.ActiveCfg = Debug|Any CPU
		{216DC19F-AB2D-45B3-BF5D-6453FE5CE75C}.Debug|Any CPU.Build.0 = Debug|Any CPU
		{216DC19F-AB2D-45B3-BF5D-6453FE5CE75C}.Release|Any CPU.ActiveCfg = Release|Any CPU
		{216DC19F-AB2D-45B3-BF5D-6453FE5CE75C}.Release|Any CPU.Build.0 = Release|Any CPU
		{C312879C-3A2F-4DD7-9A81-E5794A25598D}.Debug|Any CPU.ActiveCfg = Debug|Any CPU
		{C312879C-3A2F-4DD7-9A81-E5794A25598D}.Debug|Any CPU.Build.0 = Debug|Any CPU
		{C312879C-3A2F-4DD7-9A81-E5794A25598D}.Release|Any CPU.ActiveCfg = Release|Any CPU
		{C312879C-3A2F-4DD7-9A81-E5794A25598D}.Release|Any CPU.Build.0 = Release|Any CPU
		{DCC3C16E-B992-4D6C-B3E2-1C4A15D1527D}.Debug|Any CPU.ActiveCfg = Debug|Any CPU
		{DCC3C16E-B992-4D6C-B3E2-1C4A15D1527D}.Debug|Any CPU.Build.0 = Debug|Any CPU
		{DCC3C16E-B992-4D6C-B3E2-1C4A15D1527D}.Release|Any CPU.ActiveCfg = Release|Any CPU
		{DCC3C16E-B992-4D6C-B3E2-1C4A15D1527D}.Release|Any CPU.Build.0 = Release|Any CPU
		{6082152F-3E2E-4389-87E5-DC4F47ED7A80}.Debug|Any CPU.ActiveCfg = Debug|Any CPU
		{6082152F-3E2E-4389-87E5-DC4F47ED7A80}.Debug|Any CPU.Build.0 = Debug|Any CPU
		{6082152F-3E2E-4389-87E5-DC4F47ED7A80}.Release|Any CPU.ActiveCfg = Release|Any CPU
		{6082152F-3E2E-4389-87E5-DC4F47ED7A80}.Release|Any CPU.Build.0 = Release|Any CPU
		{02222FE7-2898-48A8-9E22-0B493736DE6F}.Debug|Any CPU.ActiveCfg = Debug|Any CPU
		{02222FE7-2898-48A8-9E22-0B493736DE6F}.Debug|Any CPU.Build.0 = Debug|Any CPU
		{02222FE7-2898-48A8-9E22-0B493736DE6F}.Release|Any CPU.ActiveCfg = Release|Any CPU
		{02222FE7-2898-48A8-9E22-0B493736DE6F}.Release|Any CPU.Build.0 = Release|Any CPU
		{954302D0-BBFC-42D9-AB4A-06B14B520BD3}.Debug|Any CPU.ActiveCfg = Debug|Any CPU
		{954302D0-BBFC-42D9-AB4A-06B14B520BD3}.Debug|Any CPU.Build.0 = Debug|Any CPU
		{954302D0-BBFC-42D9-AB4A-06B14B520BD3}.Release|Any CPU.ActiveCfg = Release|Any CPU
		{954302D0-BBFC-42D9-AB4A-06B14B520BD3}.Release|Any CPU.Build.0 = Release|Any CPU
		{77DA155B-A69C-4A40-8214-4CBDFFBDBD5E}.Debug|Any CPU.ActiveCfg = Debug|Any CPU
		{77DA155B-A69C-4A40-8214-4CBDFFBDBD5E}.Debug|Any CPU.Build.0 = Debug|Any CPU
		{77DA155B-A69C-4A40-8214-4CBDFFBDBD5E}.Release|Any CPU.ActiveCfg = Release|Any CPU
		{77DA155B-A69C-4A40-8214-4CBDFFBDBD5E}.Release|Any CPU.Build.0 = Release|Any CPU
	EndGlobalSection
	GlobalSection(SolutionProperties) = preSolution
		HideSolutionNode = FALSE
	EndGlobalSection
	GlobalSection(NestedProjects) = preSolution
		{78D8ED16-20E4-4AD1-894D-3B1059AFE740} = {0C1836E8-52DD-40E9-AA56-7E3B2A7A1928}
		{BBD802AB-AA7E-4DDD-B356-E554D8D73C98} = {0C1836E8-52DD-40E9-AA56-7E3B2A7A1928}
		{ED446442-638B-4AD3-967F-CD3D00B2735A} = {0C1836E8-52DD-40E9-AA56-7E3B2A7A1928}
		{15C3CDDC-4192-46B5-B6B6-29F8B1D7D6D2} = {0C1836E8-52DD-40E9-AA56-7E3B2A7A1928}
		{40C0BDDE-5969-41AA-9631-C5E1FB212C06} = {0C1836E8-52DD-40E9-AA56-7E3B2A7A1928}
		{139436E2-1963-497A-A5FB-CD0CA563B60F} = {0C1836E8-52DD-40E9-AA56-7E3B2A7A1928}
		{10E112B1-7B49-4286-B2AC-3F4BE23CE36F} = {0C1836E8-52DD-40E9-AA56-7E3B2A7A1928}
		{3DC1FB2A-E0BB-4FD5-8EA1-FDCA2E5B8F74} = {0C1836E8-52DD-40E9-AA56-7E3B2A7A1928}
		{0218EB83-FBFE-4EB9-87AD-E656A374FD54} = {3A996E26-41CE-4C40-AB2C-F1D022515DEB}
		{216DC19F-AB2D-45B3-BF5D-6453FE5CE75C} = {3A996E26-41CE-4C40-AB2C-F1D022515DEB}
		{C312879C-3A2F-4DD7-9A81-E5794A25598D} = {3A996E26-41CE-4C40-AB2C-F1D022515DEB}
		{DCC3C16E-B992-4D6C-B3E2-1C4A15D1527D} = {3A996E26-41CE-4C40-AB2C-F1D022515DEB}
		{6082152F-3E2E-4389-87E5-DC4F47ED7A80} = {3A996E26-41CE-4C40-AB2C-F1D022515DEB}
		{02222FE7-2898-48A8-9E22-0B493736DE6F} = {3A996E26-41CE-4C40-AB2C-F1D022515DEB}
		{954302D0-BBFC-42D9-AB4A-06B14B520BD3} = {3A996E26-41CE-4C40-AB2C-F1D022515DEB}
		{77DA155B-A69C-4A40-8214-4CBDFFBDBD5E} = {3A996E26-41CE-4C40-AB2C-F1D022515DEB}
	EndGlobalSection
	GlobalSection(ExtensibilityGlobals) = postSolution
		SolutionGuid = {E07EAE19-E1FB-4DEF-88DC-86B91ABE2F32}
	EndGlobalSection
EndGlobal
